
Microsoft Visual Studio Solution File, Format Version 12.00
# Visual Studio Version 16
VisualStudioVersion = 16.0.35130.168
MinimumVisualStudioVersion = 10.0.40219.1
Project("{FAE04EC0-301F-11D3-BF4B-00C04F79EFBC}") = "Real_ESRGAN_GUI", "Real_ESRGAN_GUI\Real_ESRGAN_GUI.csproj", "{E98E8083-4E0A-49D0-9A87-89BB6F61A2FE}"
EndProject
Global
	GlobalSection(SolutionConfigurationPlatforms) = preSolution
		Debug|Any CPU = Debug|Any CPU
		Release|Any CPU = Release|Any CPU
	EndGlobalSection
	GlobalSection(ProjectConfigurationPlatforms) = postSolution
		{E98E8083-4E0A-49D0-9A87-89BB6F61A2FE}.Debug|Any CPU.ActiveCfg = Debug|Any CPU
		{E98E8083-4E0A-49D0-9A87-89BB6F61A2FE}.Debug|Any CPU.Build.0 = Debug|Any CPU
		{E98E8083-4E0A-49D0-9A87-89BB6F61A2FE}.Release|Any CPU.ActiveCfg = Release|Any CPU
		{E98E8083-4E0A-49D0-9A87-89BB6F61A2FE}.Release|Any CPU.Build.0 = Release|Any CPU
	EndGlobalSection
	GlobalSection(SolutionProperties) = preSolution
		HideSolutionNode = FALSE
	EndGlobalSection
	GlobalSection(ExtensibilityGlobals) = postSolution
		SolutionGuid = {7B94FF95-35DD-4B4B-B15B-BE21AB18A70A}
	EndGlobalSection
EndGlobal
